// !$*UTF8*$!
{
	archiveVersion = 1;
	classes = {
	};
	objectVersion = 56;
	objects = {

/* Begin PBXBuildFile section */
		C57577F22A307868001EACE5 /* CursorPositionCalculator.m in Sources */ = {isa = PBXBuildFile; fileRef = C57577F12A307868001EACE5 /* CursorPositionCalculator.m */; };
		C57577FA2A307898001EACE5 /* CursorPositionCalculatorTests.m in Sources */ = {isa = PBXBuildFile; fileRef = C57577F92A307898001EACE5 /* CursorPositionCalculatorTests.m */; };
		C5C6E8542A1535520061CF81 /* AppDelegate.m in Sources */ = {isa = PBXBuildFile; fileRef = C5C6E8532A1535520061CF81 /* AppDelegate.m */; };
		C5C6E8572A1535520061CF81 /* SceneDelegate.m in Sources */ = {isa = PBXBuildFile; fileRef = C5C6E8562A1535520061CF81 /* SceneDelegate.m */; };
		C5C6E85A2A1535520061CF81 /* ViewController.m in Sources */ = {isa = PBXBuildFile; fileRef = C5C6E8592A1535520061CF81 /* ViewController.m */; };
		C5C6E85D2A1535520061CF81 /* Main.storyboard in Resources */ = {isa = PBXBuildFile; fileRef = C5C6E85B2A1535520061CF81 /* Main.storyboard */; };
		C5C6E85F2A1535530061CF81 /* Assets.xcassets in Resources */ = {isa = PBXBuildFile; fileRef = C5C6E85E2A1535530061CF81 /* Assets.xcassets */; };
		C5C6E8622A1535530061CF81 /* LaunchScreen.storyboard in Resources */ = {isa = PBXBuildFile; fileRef = C5C6E8602A1535530061CF81 /* LaunchScreen.storyboard */; };
		C5C6E8652A1535530061CF81 /* main.m in Sources */ = {isa = PBXBuildFile; fileRef = C5C6E8642A1535530061CF81 /* main.m */; };
		C5C6E86E2A1535DB0061CF81 /* CardNumberTextField.m in Sources */ = {isa = PBXBuildFile; fileRef = C5C6E86D2A1535DB0061CF81 /* CardNumberTextField.m */; };
/* End PBXBuildFile section */

/* Begin PBXContainerItemProxy section */
		C57577FB2A307898001EACE5 /* PBXContainerItemProxy */ = {
			isa = PBXContainerItemProxy;
			containerPortal = C5C6E8472A1535520061CF81 /* Project object */;
			proxyType = 1;
			remoteGlobalIDString = C5C6E84E2A1535520061CF81;
			remoteInfo = App1;
		};
/* End PBXContainerItemProxy section */

/* Begin PBXFileReference section */
		C57577F02A307868001EACE5 /* CursorPositionCalculator.h */ = {isa = PBXFileReference; lastKnownFileType = sourcecode.c.h; path = CursorPositionCalculator.h; sourceTree = "<group>"; };
		C57577F12A307868001EACE5 /* CursorPositionCalculator.m */ = {isa = PBXFileReference; lastKnownFileType = sourcecode.c.objc; path = CursorPositionCalculator.m; sourceTree = "<group>"; };
		C57577F72A307898001EACE5 /* App1Tests.xctest */ = {isa = PBXFileReference; explicitFileType = wrapper.cfbundle; includeInIndex = 0; path = App1Tests.xctest; sourceTree = BUILT_PRODUCTS_DIR; };
		C57577F92A307898001EACE5 /* CursorPositionCalculatorTests.m */ = {isa = PBXFileReference; lastKnownFileType = sourcecode.c.objc; path = CursorPositionCalculatorTests.m; sourceTree = "<group>"; };
		C5C6E84F2A1535520061CF81 /* App1.app */ = {isa = PBXFileReference; explicitFileType = wrapper.application; includeInIndex = 0; path = App1.app; sourceTree = BUILT_PRODUCTS_DIR; };
		C5C6E8522A1535520061CF81 /* AppDelegate.h */ = {isa = PBXFileReference; lastKnownFileType = sourcecode.c.h; path = AppDelegate.h; sourceTree = "<group>"; };
		C5C6E8532A1535520061CF81 /* AppDelegate.m */ = {isa = PBXFileReference; lastKnownFileType = sourcecode.c.objc; path = AppDelegate.m; sourceTree = "<group>"; };
		C5C6E8552A1535520061CF81 /* SceneDelegate.h */ = {isa = PBXFileReference; lastKnownFileType = sourcecode.c.h; path = SceneDelegate.h; sourceTree = "<group>"; };
		C5C6E8562A1535520061CF81 /* SceneDelegate.m */ = {isa = PBXFileReference; lastKnownFileType = sourcecode.c.objc; path = SceneDelegate.m; sourceTree = "<group>"; };
		C5C6E8582A1535520061CF81 /* ViewController.h */ = {isa = PBXFileReference; lastKnownFileType = sourcecode.c.h; path = ViewController.h; sourceTree = "<group>"; };
		C5C6E8592A1535520061CF81 /* ViewController.m */ = {isa = PBXFileReference; lastKnownFileType = sourcecode.c.objc; path = ViewController.m; sourceTree = "<group>"; };
		C5C6E85C2A1535520061CF81 /* Base */ = {isa = PBXFileReference; lastKnownFileType = file.storyboard; name = Base; path = Base.lproj/Main.storyboard; sourceTree = "<group>"; };
		C5C6E85E2A1535530061CF81 /* Assets.xcassets */ = {isa = PBXFileReference; lastKnownFileType = folder.assetcatalog; path = Assets.xcassets; sourceTree = "<group>"; };
		C5C6E8612A1535530061CF81 /* Base */ = {isa = PBXFileReference; lastKnownFileType = file.storyboard; name = Base; path = Base.lproj/LaunchScreen.storyboard; sourceTree = "<group>"; };
		C5C6E8632A1535530061CF81 /* Info.plist */ = {isa = PBXFileReference; lastKnownFileType = text.plist.xml; path = Info.plist; sourceTree = "<group>"; };
		C5C6E8642A1535530061CF81 /* main.m */ = {isa = PBXFileReference; lastKnownFileType = sourcecode.c.objc; path = main.m; sourceTree = "<group>"; };
		C5C6E86C2A1535DB0061CF81 /* CardNumberTextField.h */ = {isa = PBXFileReference; lastKnownFileType = sourcecode.c.h; path = CardNumberTextField.h; sourceTree = "<group>"; };
		C5C6E86D2A1535DB0061CF81 /* CardNumberTextField.m */ = {isa = PBXFileReference; lastKnownFileType = sourcecode.c.objc; path = CardNumberTextField.m; sourceTree = "<group>"; };
/* End PBXFileReference section */

/* Begin PBXFrameworksBuildPhase section */
		C57577F42A307898001EACE5 /* Frameworks */ = {
			isa = PBXFrameworksBuildPhase;
			buildActionMask = 2147483647;
			files = (
			);
			runOnlyForDeploymentPostprocessing = 0;
		};
		C5C6E84C2A1535520061CF81 /* Frameworks */ = {
			isa = PBXFrameworksBuildPhase;
			buildActionMask = 2147483647;
			files = (
			);
			runOnlyForDeploymentPostprocessing = 0;
		};
/* End PBXFrameworksBuildPhase section */

/* Begin PBXGroup section */
		C57577F82A307898001EACE5 /* App1Tests */ = {
			isa = PBXGroup;
			children = (
				C57577F92A307898001EACE5 /* CursorPositionCalculatorTests.m */,
			);
			path = App1Tests;
			sourceTree = "<group>";
		};
		C5C6E8462A1535520061CF81 = {
			isa = PBXGroup;
			children = (
				C5C6E8512A1535520061CF81 /* App1 */,
				C57577F82A307898001EACE5 /* App1Tests */,
				C5C6E8502A1535520061CF81 /* Products */,
			);
			sourceTree = "<group>";
		};
		C5C6E8502A1535520061CF81 /* Products */ = {
			isa = PBXGroup;
			children = (
				C5C6E84F2A1535520061CF81 /* App1.app */,
				C57577F72A307898001EACE5 /* App1Tests.xctest */,
			);
			name = Products;
			sourceTree = "<group>";
		};
		C5C6E8512A1535520061CF81 /* App1 */ = {
			isa = PBXGroup;
			children = (
				C5C6E8522A1535520061CF81 /* AppDelegate.h */,
				C5C6E8532A1535520061CF81 /* AppDelegate.m */,
				C5C6E85E2A1535530061CF81 /* Assets.xcassets */,
				C5C6E86C2A1535DB0061CF81 /* CardNumberTextField.h */,
				C5C6E86D2A1535DB0061CF81 /* CardNumberTextField.m */,
				C57577F02A307868001EACE5 /* CursorPositionCalculator.h */,
				C57577F12A307868001EACE5 /* CursorPositionCalculator.m */,
				C5C6E8632A1535530061CF81 /* Info.plist */,
				C5C6E8602A1535530061CF81 /* LaunchScreen.storyboard */,
				C5C6E8642A1535530061CF81 /* main.m */,
				C5C6E85B2A1535520061CF81 /* Main.storyboard */,
				C5C6E8552A1535520061CF81 /* SceneDelegate.h */,
				C5C6E8562A1535520061CF81 /* SceneDelegate.m */,
				C5C6E8582A1535520061CF81 /* ViewController.h */,
				C5C6E8592A1535520061CF81 /* ViewController.m */,
			);
			path = App1;
			sourceTree = "<group>";
		};
/* End PBXGroup section */

/* Begin PBXNativeTarget section */
		C57577F62A307898001EACE5 /* App1Tests */ = {
			isa = PBXNativeTarget;
			buildConfigurationList = C57577FD2A307898001EACE5 /* Build configuration list for PBXNativeTarget "App1Tests" */;
			buildPhases = (
				C57577F32A307898001EACE5 /* Sources */,
				C57577F42A307898001EACE5 /* Frameworks */,
				C57577F52A307898001EACE5 /* Resources */,
			);
			buildRules = (
			);
			dependencies = (
				C57577FC2A307898001EACE5 /* PBXTargetDependency */,
			);
			name = App1Tests;
			productName = App1Tests;
			productReference = C57577F72A307898001EACE5 /* App1Tests.xctest */;
			productType = "com.apple.product-type.bundle.unit-test";
		};
		C5C6E84E2A1535520061CF81 /* App1 */ = {
			isa = PBXNativeTarget;
			buildConfigurationList = C5C6E8682A1535530061CF81 /* Build configuration list for PBXNativeTarget "App1" */;
			buildPhases = (
				C5C6E84B2A1535520061CF81 /* Sources */,
				C5C6E84C2A1535520061CF81 /* Frameworks */,
				C5C6E84D2A1535520061CF81 /* Resources */,
			);
			buildRules = (
			);
			dependencies = (
			);
			name = App1;
			productName = App1;
			productReference = C5C6E84F2A1535520061CF81 /* App1.app */;
			productType = "com.apple.product-type.application";
		};
/* End PBXNativeTarget section */

/* Begin PBXProject section */
		C5C6E8472A1535520061CF81 /* Project object */ = {
			isa = PBXProject;
			attributes = {
				BuildIndependentTargetsInParallel = 1;
				LastUpgradeCheck = 1420;
				TargetAttributes = {
					C57577F62A307898001EACE5 = {
						CreatedOnToolsVersion = 14.2;
						TestTargetID = C5C6E84E2A1535520061CF81;
					};
					C5C6E84E2A1535520061CF81 = {
						CreatedOnToolsVersion = 14.2;
					};
				};
			};
			buildConfigurationList = C5C6E84A2A1535520061CF81 /* Build configuration list for PBXProject "App1" */;
			compatibilityVersion = "Xcode 14.0";
			developmentRegion = en;
			hasScannedForEncodings = 0;
			knownRegions = (
				en,
				Base,
			);
			mainGroup = C5C6E8462A1535520061CF81;
			productRefGroup = C5C6E8502A1535520061CF81 /* Products */;
			projectDirPath = "";
			projectRoot = "";
			targets = (
				C5C6E84E2A1535520061CF81 /* App1 */,
				C57577F62A307898001EACE5 /* App1Tests */,
			);
		};
/* End PBXProject section */

/* Begin PBXResourcesBuildPhase section */
		C57577F52A307898001EACE5 /* Resources */ = {
			isa = PBXResourcesBuildPhase;
			buildActionMask = 2147483647;
			files = (
			);
			runOnlyForDeploymentPostprocessing = 0;
		};
		C5C6E84D2A1535520061CF81 /* Resources */ = {
			isa = PBXResourcesBuildPhase;
			buildActionMask = 2147483647;
			files = (
				C5C6E8622A1535530061CF81 /* LaunchScreen.storyboard in Resources */,
				C5C6E85F2A1535530061CF81 /* Assets.xcassets in Resources */,
				C5C6E85D2A1535520061CF81 /* Main.storyboard in Resources */,
			);
			runOnlyForDeploymentPostprocessing = 0;
		};
/* End PBXResourcesBuildPhase section */

/* Begin PBXSourcesBuildPhase section */
		C57577F32A307898001EACE5 /* Sources */ = {
			isa = PBXSourcesBuildPhase;
			buildActionMask = 2147483647;
			files = (
				C57577FA2A307898001EACE5 /* CursorPositionCalculatorTests.m in Sources */,
			);
			runOnlyForDeploymentPostprocessing = 0;
		};
		C5C6E84B2A1535520061CF81 /* Sources */ = {
			isa = PBXSourcesBuildPhase;
			buildActionMask = 2147483647;
			files = (
				C5C6E85A2A1535520061CF81 /* ViewController.m in Sources */,
				C5C6E8542A1535520061CF81 /* AppDelegate.m in Sources */,
				C57577F22A307868001EACE5 /* CursorPositionCalculator.m in Sources */,
				C5C6E8652A1535530061CF81 /* main.m in Sources */,
				C5C6E8572A1535520061CF81 /* SceneDelegate.m in Sources */,
				C5C6E86E2A1535DB0061CF81 /* CardNumberTextField.m in Sources */,
			);
			runOnlyForDeploymentPostprocessing = 0;
		};
/* End PBXSourcesBuildPhase section */

/* Begin PBXTargetDependency section */
		C57577FC2A307898001EACE5 /* PBXTargetDependency */ = {
			isa = PBXTargetDependency;
			target = C5C6E84E2A1535520061CF81 /* App1 */;
			targetProxy = C57577FB2A307898001EACE5 /* PBXContainerItemProxy */;
		};
/* End PBXTargetDependency section */

/* Begin PBXVariantGroup section */
		C5C6E85B2A1535520061CF81 /* Main.storyboard */ = {
			isa = PBXVariantGroup;
			children = (
				C5C6E85C2A1535520061CF81 /* Base */,
			);
			name = Main.storyboard;
			sourceTree = "<group>";
		};
		C5C6E8602A1535530061CF81 /* LaunchScreen.storyboard */ = {
			isa = PBXVariantGroup;
			children = (
				C5C6E8612A1535530061CF81 /* Base */,
			);
			name = LaunchScreen.storyboard;
			sourceTree = "<group>";
		};
/* End PBXVariantGroup section */

/* Begin XCBuildConfiguration section */
		C57577FE2A307898001EACE5 /* Debug */ = {
			isa = XCBuildConfiguration;
			buildSettings = {
				BUNDLE_LOADER = "$(TEST_HOST)";
				CODE_SIGN_STYLE = Automatic;
				CURRENT_PROJECT_VERSION = 1;
				GENERATE_INFOPLIST_FILE = YES;
				MARKETING_VERSION = 1.0;
				PRODUCT_BUNDLE_IDENTIFIER = com.masabi.uitextfield.App1Tests;
				PRODUCT_NAME = "$(TARGET_NAME)";
				SWIFT_EMIT_LOC_STRINGS = NO;
				TARGETED_DEVICE_FAMILY = "1,2";
				TEST_HOST = "$(BUILT_PRODUCTS_DIR)/App1.app/$(BUNDLE_EXECUTABLE_FOLDER_PATH)/App1";
			};
			name = Debug;
		};
		C57577FF2A307898001EACE5 /* Release */ = {
			isa = XCBuildConfiguration;
			buildSettings = {
				BUNDLE_LOADER = "$(TEST_HOST)";
				CODE_SIGN_STYLE = Automatic;
				CURRENT_PROJECT_VERSION = 1;
				GENERATE_INFOPLIST_FILE = YES;
				MARKETING_VERSION = 1.0;
				PRODUCT_BUNDLE_IDENTIFIER = com.masabi.uitextfield.App1Tests;
				PRODUCT_NAME = "$(TARGET_NAME)";
				SWIFT_EMIT_LOC_STRINGS = NO;
				TARGETED_DEVICE_FAMILY = "1,2";
				TEST_HOST = "$(BUILT_PRODUCTS_DIR)/App1.app/$(BUNDLE_EXECUTABLE_FOLDER_PATH)/App1";
			};
			name = Release;
		};
		C5C6E8662A1535530061CF81 /* Debug */ = {
			isa = XCBuildConfiguration;
			buildSettings = {
				ALWAYS_SEARCH_USER_PATHS = NO;
				CLANG_ANALYZER_NONNULL = YES;
				CLANG_ANALYZER_NUMBER_OBJECT_CONVERSION = YES_AGGRESSIVE;
				CLANG_CXX_LANGUAGE_STANDARD = "gnu++20";
				CLANG_ENABLE_MODULES = YES;
				CLANG_ENABLE_OBJC_ARC = YES;
				CLANG_ENABLE_OBJC_WEAK = YES;
				CLANG_WARN_BLOCK_CAPTURE_AUTORELEASING = YES;
				CLANG_WARN_BOOL_CONVERSION = YES;
				CLANG_WARN_COMMA = YES;
				CLANG_WARN_CONSTANT_CONVERSION = YES;
				CLANG_WARN_DEPRECATED_OBJC_IMPLEMENTATIONS = YES;
				CLANG_WARN_DIRECT_OBJC_ISA_USAGE = YES_ERROR;
				CLANG_WARN_DOCUMENTATION_COMMENTS = YES;
				CLANG_WARN_EMPTY_BODY = YES;
				CLANG_WARN_ENUM_CONVERSION = YES;
				CLANG_WARN_INFINITE_RECURSION = YES;
				CLANG_WARN_INT_CONVERSION = YES;
				CLANG_WARN_NON_LITERAL_NULL_CONVERSION = YES;
				CLANG_WARN_OBJC_IMPLICIT_RETAIN_SELF = YES;
				CLANG_WARN_OBJC_LITERAL_CONVERSION = YES;
				CLANG_WARN_OBJC_ROOT_CLASS = YES_ERROR;
				CLANG_WARN_QUOTED_INCLUDE_IN_FRAMEWORK_HEADER = YES;
				CLANG_WARN_RANGE_LOOP_ANALYSIS = YES;
				CLANG_WARN_STRICT_PROTOTYPES = YES;
				CLANG_WARN_SUSPICIOUS_MOVE = YES;
				CLANG_WARN_UNGUARDED_AVAILABILITY = YES_AGGRESSIVE;
				CLANG_WARN_UNREACHABLE_CODE = YES;
				CLANG_WARN__DUPLICATE_METHOD_MATCH = YES;
				COPY_PHASE_STRIP = NO;
				DEBUG_INFORMATION_FORMAT = dwarf;
				ENABLE_STRICT_OBJC_MSGSEND = YES;
				ENABLE_TESTABILITY = YES;
				GCC_C_LANGUAGE_STANDARD = gnu11;
				GCC_DYNAMIC_NO_PIC = NO;
				GCC_NO_COMMON_BLOCKS = YES;
				GCC_OPTIMIZATION_LEVEL = 0;
				GCC_PREPROCESSOR_DEFINITIONS = (
					"DEBUG=1",
					"$(inherited)",
				);
				GCC_WARN_64_TO_32_BIT_CONVERSION = YES;
				GCC_WARN_ABOUT_RETURN_TYPE = YES_ERROR;
				GCC_WARN_UNDECLARED_SELECTOR = YES;
				GCC_WARN_UNINITIALIZED_AUTOS = YES_AGGRESSIVE;
				GCC_WARN_UNUSED_FUNCTION = YES;
				GCC_WARN_UNUSED_VARIABLE = YES;
				IPHONEOS_DEPLOYMENT_TARGET = 16.2;
				MTL_ENABLE_DEBUG_INFO = INCLUDE_SOURCE;
				MTL_FAST_MATH = YES;
				ONLY_ACTIVE_ARCH = YES;
				SDKROOT = iphoneos;
			};
			name = Debug;
		};
		C5C6E8672A1535530061CF81 /* Release */ = {
			isa = XCBuildConfiguration;
			buildSettings = {
				ALWAYS_SEARCH_USER_PATHS = NO;
				CLANG_ANALYZER_NONNULL = YES;
				CLANG_ANALYZER_NUMBER_OBJECT_CONVERSION = YES_AGGRESSIVE;
				CLANG_CXX_LANGUAGE_STANDARD = "gnu++20";
				CLANG_ENABLE_MODULES = YES;
				CLANG_ENABLE_OBJC_ARC = YES;
				CLANG_ENABLE_OBJC_WEAK = YES;
				CLANG_WARN_BLOCK_CAPTURE_AUTORELEASING = YES;
				CLANG_WARN_BOOL_CONVERSION = YES;
				CLANG_WARN_COMMA = YES;
				CLANG_WARN_CONSTANT_CONVERSION = YES;
				CLANG_WARN_DEPRECATED_OBJC_IMPLEMENTATIONS = YES;
				CLANG_WARN_DIRECT_OBJC_ISA_USAGE = YES_ERROR;
				CLANG_WARN_DOCUMENTATION_COMMENTS = YES;
				CLANG_WARN_EMPTY_BODY = YES;
				CLANG_WARN_ENUM_CONVERSION = YES;
				CLANG_WARN_INFINITE_RECURSION = YES;
				CLANG_WARN_INT_CONVERSION = YES;
				CLANG_WARN_NON_LITERAL_NULL_CONVERSION = YES;
				CLANG_WARN_OBJC_IMPLICIT_RETAIN_SELF = YES;
				CLANG_WARN_OBJC_LITERAL_CONVERSION = YES;
				CLANG_WARN_OBJC_ROOT_CLASS = YES_ERROR;
				CLANG_WARN_QUOTED_INCLUDE_IN_FRAMEWORK_HEADER = YES;
				CLANG_WARN_RANGE_LOOP_ANALYSIS = YES;
				CLANG_WARN_STRICT_PROTOTYPES = YES;
				CLANG_WARN_SUSPICIOUS_MOVE = YES;
				CLANG_WARN_UNGUARDED_AVAILABILITY = YES_AGGRESSIVE;
				CLANG_WARN_UNREACHABLE_CODE = YES;
				CLANG_WARN__DUPLICATE_METHOD_MATCH = YES;
				COPY_PHASE_STRIP = NO;
				DEBUG_INFORMATION_FORMAT = "dwarf-with-dsym";
				ENABLE_NS_ASSERTIONS = NO;
				ENABLE_STRICT_OBJC_MSGSEND = YES;
				GCC_C_LANGUAGE_STANDARD = gnu11;
				GCC_NO_COMMON_BLOCKS = YES;
				GCC_WARN_64_TO_32_BIT_CONVERSION = YES;
				GCC_WARN_ABOUT_RETURN_TYPE = YES_ERROR;
				GCC_WARN_UNDECLARED_SELECTOR = YES;
				GCC_WARN_UNINITIALIZED_AUTOS = YES_AGGRESSIVE;
				GCC_WARN_UNUSED_FUNCTION = YES;
				GCC_WARN_UNUSED_VARIABLE = YES;
				IPHONEOS_DEPLOYMENT_TARGET = 16.2;
				MTL_ENABLE_DEBUG_INFO = NO;
				MTL_FAST_MATH = YES;
				SDKROOT = iphoneos;
				VALIDATE_PRODUCT = YES;
			};
			name = Release;
		};
		C5C6E8692A1535530061CF81 /* Debug */ = {
			isa = XCBuildConfiguration;
			buildSettings = {
				ASSETCATALOG_COMPILER_APPICON_NAME = AppIcon;
				ASSETCATALOG_COMPILER_GLOBAL_ACCENT_COLOR_NAME = AccentColor;
				CODE_SIGN_STYLE = Automatic;
				CURRENT_PROJECT_VERSION = 1;
				GENERATE_INFOPLIST_FILE = YES;
				INFOPLIST_FILE = App1/Info.plist;
				INFOPLIST_KEY_UIApplicationSupportsIndirectInputEvents = YES;
				INFOPLIST_KEY_UILaunchStoryboardName = LaunchScreen;
				INFOPLIST_KEY_UIMainStoryboardFile = Main;
				INFOPLIST_KEY_UISupportedInterfaceOrientations_iPad = "UIInterfaceOrientationPortrait UIInterfaceOrientationPortraitUpsideDown UIInterfaceOrientationLandscapeLeft UIInterfaceOrientationLandscapeRight";
				INFOPLIST_KEY_UISupportedInterfaceOrientations_iPhone = "UIInterfaceOrientationPortrait UIInterfaceOrientationLandscapeLeft UIInterfaceOrientationLandscapeRight";
				LD_RUNPATH_SEARCH_PATHS = (
					"$(inherited)",
					"@executable_path/Frameworks",
				);
				MARKETING_VERSION = 1.0;
				PRODUCT_BUNDLE_IDENTIFIER = com.masabi.uitextfield.App1;
				PRODUCT_NAME = "$(TARGET_NAME)";
				SWIFT_EMIT_LOC_STRINGS = YES;
				TARGETED_DEVICE_FAMILY = "1,2";
			};
			name = Debug;
		};
		C5C6E86A2A1535530061CF81 /* Release */ = {
			isa = XCBuildConfiguration;
			buildSettings = {
				ASSETCATALOG_COMPILER_APPICON_NAME = AppIcon;
				ASSETCATALOG_COMPILER_GLOBAL_ACCENT_COLOR_NAME = AccentColor;
				CODE_SIGN_STYLE = Automatic;
				CURRENT_PROJECT_VERSION = 1;
				GENERATE_INFOPLIST_FILE = YES;
				INFOPLIST_FILE = App1/Info.plist;
				INFOPLIST_KEY_UIApplicationSupportsIndirectInputEvents = YES;
				INFOPLIST_KEY_UILaunchStoryboardName = LaunchScreen;
				INFOPLIST_KEY_UIMainStoryboardFile = Main;
				INFOPLIST_KEY_UISupportedInterfaceOrientations_iPad = "UIInterfaceOrientationPortrait UIInterfaceOrientationPortraitUpsideDown UIInterfaceOrientationLandscapeLeft UIInterfaceOrientationLandscapeRight";
				INFOPLIST_KEY_UISupportedInterfaceOrientations_iPhone = "UIInterfaceOrientationPortrait UIInterfaceOrientationLandscapeLeft UIInterfaceOrientationLandscapeRight";
				LD_RUNPATH_SEARCH_PATHS = (
					"$(inherited)",
					"@executable_path/Frameworks",
				);
				MARKETING_VERSION = 1.0;
				PRODUCT_BUNDLE_IDENTIFIER = com.masabi.uitextfield.App1;
				PRODUCT_NAME = "$(TARGET_NAME)";
				SWIFT_EMIT_LOC_STRINGS = YES;
				TARGETED_DEVICE_FAMILY = "1,2";
			};
			name = Release;
		};
/* End XCBuildConfiguration section */

/* Begin XCConfigurationList section */
		C57577FD2A307898001EACE5 /* Build configuration list for PBXNativeTarget "App1Tests" */ = {
			isa = XCConfigurationList;
			buildConfigurations = (
				C57577FE2A307898001EACE5 /* Debug */,
				C57577FF2A307898001EACE5 /* Release */,
			);
			defaultConfigurationIsVisible = 0;
			defaultConfigurationName = Release;
		};
		C5C6E84A2A1535520061CF81 /* Build configuration list for PBXProject "App1" */ = {
			isa = XCConfigurationList;
			buildConfigurations = (
				C5C6E8662A1535530061CF81 /* Debug */,
				C5C6E8672A1535530061CF81 /* Release */,
			);
			defaultConfigurationIsVisible = 0;
			defaultConfigurationName = Release;
		};
		C5C6E8682A1535530061CF81 /* Build configuration list for PBXNativeTarget "App1" */ = {
			isa = XCConfigurationList;
			buildConfigurations = (
				C5C6E8692A1535530061CF81 /* Debug */,
				C5C6E86A2A1535530061CF81 /* Release */,
			);
			defaultConfigurationIsVisible = 0;
			defaultConfigurationName = Release;
		};
/* End XCConfigurationList section */
	};
	rootObject = C5C6E8472A1535520061CF81 /* Project object */;
}
